// !$*UTF8*$!
{
	archiveVersion = 1;
	classes = {
	};
	objectVersion = 46;
	objects = {

/* Begin PBXBuildFile section */
		438660E31D6E57DF00D7F2CB /* AppDelegate.swift in Sources */ = {isa = PBXBuildFile; fileRef = 438660E21D6E57DF00D7F2CB /* AppDelegate.swift */; };
		438660E51D6E57DF00D7F2CB /* ViewController.swift in Sources */ = {isa = PBXBuildFile; fileRef = 438660E41D6E57DF00D7F2CB /* ViewController.swift */; };
		438660E81D6E57DF00D7F2CB /* Main.storyboard in Resources */ = {isa = PBXBuildFile; fileRef = 438660E61D6E57DF00D7F2CB /* Main.storyboard */; };
		438660EA1D6E57DF00D7F2CB /* Assets.xcassets in Resources */ = {isa = PBXBuildFile; fileRef = 438660E91D6E57DF00D7F2CB /* Assets.xcassets */; };
		438660ED1D6E57DF00D7F2CB /* LaunchScreen.storyboard in Resources */ = {isa = PBXBuildFile; fileRef = 438660EB1D6E57DF00D7F2CB /* LaunchScreen.storyboard */; };
/* End PBXBuildFile section */

/* Begin PBXFileReference section */
		438660DF1D6E57DE00D7F2CB /* myGitHub.app */ = {isa = PBXFileReference; explicitFileType = wrapper.application; includeInIndex = 0; path = myGitHub.app; sourceTree = BUILT_PRODUCTS_DIR; };
		438660E21D6E57DF00D7F2CB /* AppDelegate.swift */ = {isa = PBXFileReference; lastKnownFileType = sourcecode.swift; path = AppDelegate.swift; sourceTree = "<group>"; };
		438660E41D6E57DF00D7F2CB /* ViewController.swift */ = {isa = PBXFileReference; lastKnownFileType = sourcecode.swift; path = ViewController.swift; sourceTree = "<group>"; };
		438660E71D6E57DF00D7F2CB /* Base */ = {isa = PBXFileReference; lastKnownFileType = file.storyboard; name = Base; path = Base.lproj/Main.storyboard; sourceTree = "<group>"; };
		438660E91D6E57DF00D7F2CB /* Assets.xcassets */ = {isa = PBXFileReference; lastKnownFileType = folder.assetcatalog; path = Assets.xcassets; sourceTree = "<group>"; };
		438660EC1D6E57DF00D7F2CB /* Base */ = {isa = PBXFileReference; lastKnownFileType = file.storyboard; name = Base; path = Base.lproj/LaunchScreen.storyboard; sourceTree = "<group>"; };
		438660EE1D6E57DF00D7F2CB /* Info.plist */ = {isa = PBXFileReference; lastKnownFileType = text.plist.xml; path = Info.plist; sourceTree = "<group>"; };
/* End PBXFileReference section */

/* Begin PBXFrameworksBuildPhase section */
		438660DC1D6E57DE00D7F2CB /* Frameworks */ = {
			isa = PBXFrameworksBuildPhase;
			buildActionMask = 2147483647;
			files = (
			);
			runOnlyForDeploymentPostprocessing = 0;
		};
/* End PBXFrameworksBuildPhase section */

/* Begin PBXGroup section */
		438660D61D6E57DE00D7F2CB = {
			isa = PBXGroup;
			children = (
				438660E11D6E57DF00D7F2CB /* myGitHub */,
				438660E01D6E57DE00D7F2CB /* Products */,
			);
			sourceTree = "<group>";
		};
		438660E01D6E57DE00D7F2CB /* Products */ = {
			isa = PBXGroup;
			children = (
				438660DF1D6E57DE00D7F2CB /* myGitHub.app */,
			);
			name = Products;
			sourceTree = "<group>";
		};
		438660E11D6E57DF00D7F2CB /* myGitHub */ = {
			isa = PBXGroup;
			children = (
				438660E21D6E57DF00D7F2CB /* AppDelegate.swift */,
				438660E41D6E57DF00D7F2CB /* ViewController.swift */,
				438660E61D6E57DF00D7F2CB /* Main.storyboard */,
				438660E91D6E57DF00D7F2CB /* Assets.xcassets */,
				438660EB1D6E57DF00D7F2CB /* LaunchScreen.storyboard */,
				438660EE1D6E57DF00D7F2CB /* Info.plist */,
			);
			path = myGitHub;
			sourceTree = "<group>";
		};
/* End PBXGroup section */

/* Begin PBXNativeTarget section */
		438660DE1D6E57DE00D7F2CB /* myGitHub */ = {
			isa = PBXNativeTarget;
			buildConfigurationList = 438660F11D6E57DF00D7F2CB /* Build configuration list for PBXNativeTarget "myGitHub" */;
			buildPhases = (
				438660DB1D6E57DE00D7F2CB /* Sources */,
				438660DC1D6E57DE00D7F2CB /* Frameworks */,
				438660DD1D6E57DE00D7F2CB /* Resources */,
			);
			buildRules = (
			);
			dependencies = (
			);
			name = myGitHub;
			productName = myGitHub;
			productReference = 438660DF1D6E57DE00D7F2CB /* myGitHub.app */;
			productType = "com.apple.product-type.application";
		};
/* End PBXNativeTarget section */

/* Begin PBXProject section */
		438660D71D6E57DE00D7F2CB /* Project object */ = {
			isa = PBXProject;
			attributes = {
				LastSwiftUpdateCheck = 0730;
				LastUpgradeCheck = 0730;
				ORGANIZATIONNAME = "Bureau of Street Lighting";
				TargetAttributes = {
					438660DE1D6E57DE00D7F2CB = {
						CreatedOnToolsVersion = 7.3.1;
					};
				};
			};
			buildConfigurationList = 438660DA1D6E57DE00D7F2CB /* Build configuration list for PBXProject "myGitHub" */;
			compatibilityVersion = "Xcode 3.2";
			developmentRegion = English;
			hasScannedForEncodings = 0;
			knownRegions = (
				en,
				Base,
			);
			mainGroup = 438660D61D6E57DE00D7F2CB;
			productRefGroup = 438660E01D6E57DE00D7F2CB /* Products */;
			projectDirPath = "";
			projectRoot = "";
			targets = (
				438660DE1D6E57DE00D7F2CB /* myGitHub */,
			);
		};
/* End PBXProject section */

/* Begin PBXResourcesBuildPhase section */
		438660DD1D6E57DE00D7F2CB /* Resources */ = {
			isa = PBXResourcesBuildPhase;
			buildActionMask = 2147483647;
			files = (
				438660ED1D6E57DF00D7F2CB /* LaunchScreen.storyboard in Resources */,
				438660EA1D6E57DF00D7F2CB /* Assets.xcassets in Resources */,
				438660E81D6E57DF00D7F2CB /* Main.storyboard in Resources */,
			);
			runOnlyForDeploymentPostprocessing = 0;
		};
/* End PBXResourcesBuildPhase section */

/* Begin PBXSourcesBuildPhase section */
		438660DB1D6E57DE00D7F2CB /* Sources */ = {
			isa = PBXSourcesBuildPhase;
			buildActionMask = 2147483647;
			files = (
				438660E51D6E57DF00D7F2CB /* ViewController.swift in Sources */,
				438660E31D6E57DF00D7F2CB /* AppDelegate.swift in Sources */,
			);
			runOnlyForDeploymentPostprocessing = 0;
		};
/* End PBXSourcesBuildPhase section */

/* Begin PBXVariantGroup section */
		438660E61D6E57DF00D7F2CB /* Main.storyboard */ = {
			isa = PBXVariantGroup;
			children = (
				438660E71D6E57DF00D7F2CB /* Base */,
			);
			name = Main.storyboard;
			sourceTree = "<group>";
		};
		438660EB1D6E57DF00D7F2CB /* LaunchScreen.storyboard */ = {
			isa = PBXVariantGroup;
			children = (
				438660EC1D6E57DF00D7F2CB /* Base */,
			);
			name = LaunchScreen.storyboard;
			sourceTree = "<group>";
		};
/* End PBXVariantGroup section */

/* Begin XCBuildConfiguration section */
		438660EF1D6E57DF00D7F2CB /* Debug */ = {
			isa = XCBuildConfiguration;
			buildSettings = {
				ALWAYS_SEARCH_USER_PATHS = NO;
				CLANG_ANALYZER_NONNULL = YES;
				CLANG_CXX_LANGUAGE_STANDARD = "gnu++0x";
				CLANG_CXX_LIBRARY = "libc++";
				CLANG_ENABLE_MODULES = YES;
				CLANG_ENABLE_OBJC_ARC = YES;
				CLANG_WARN_BOOL_CONVERSION = YES;
				CLANG_WARN_CONSTANT_CONVERSION = YES;
				CLANG_WARN_DIRECT_OBJC_ISA_USAGE = YES_ERROR;
				CLANG_WARN_EMPTY_BODY = YES;
				CLANG_WARN_ENUM_CONVERSION = YES;
				CLANG_WARN_INT_CONVERSION = YES;
				CLANG_WARN_OBJC_ROOT_CLASS = YES_ERROR;
				CLANG_WARN_UNREACHABLE_CODE = YES;
				CLANG_WARN__DUPLICATE_METHOD_MATCH = YES;
				"CODE_SIGN_IDENTITY[sdk=iphoneos*]" = "iPhone Developer";
				COPY_PHASE_STRIP = NO;
				DEBUG_INFORMATION_FORMAT = dwarf;
				ENABLE_STRICT_OBJC_MSGSEND = YES;
				ENABLE_TESTABILITY = YES;
				GCC_C_LANGUAGE_STANDARD = gnu99;
				GCC_DYNAMIC_NO_PIC = NO;
				GCC_NO_COMMON_BLOCKS = YES;
				GCC_OPTIMIZATION_LEVEL = 0;
				GCC_PREPROCESSOR_DEFINITIONS = (
					"DEBUG=1",
					"$(inherited)",
				);
				GCC_WARN_64_TO_32_BIT_CONVERSION = YES;
				GCC_WARN_ABOUT_RETURN_TYPE = YES_ERROR;
				GCC_WARN_UNDECLARED_SELECTOR = YES;
				GCC_WARN_UNINITIALIZED_AUTOS = YES_AGGRESSIVE;
				GCC_WARN_UNUSED_FUNCTION = YES;
				GCC_WARN_UNUSED_VARIABLE = YES;
				IPHONEOS_DEPLOYMENT_TARGET = 9.3;
				MTL_ENABLE_DEBUG_INFO = YES;
				ONLY_ACTIVE_ARCH = YES;
				SDKROOT = iphoneos;
				SWIFT_OPTIMIZATION_LEVEL = "-Onone";
			};
			name = Debug;
		};
		438660F01D6E57DF00D7F2CB /* Release */ = {
			isa = XCBuildConfiguration;
			buildSettings = {
				ALWAYS_SEARCH_USER_PATHS = NO;
				CLANG_ANALYZER_NONNULL = YES;
				CLANG_CXX_LANGUAGE_STANDARD = "gnu++0x";
				CLANG_CXX_LIBRARY = "libc++";
				CLANG_ENABLE_MODULES = YES;
				CLANG_ENABLE_OBJC_ARC = YES;
				CLANG_WARN_BOOL_CONVERSION = YES;
				CLANG_WARN_CONSTANT_CONVERSION = YES;
				CLANG_WARN_DIRECT_OBJC_ISA_USAGE = YES_ERROR;
				CLANG_WARN_EMPTY_BODY = YES;
				CLANG_WARN_ENUM_CONVERSION = YES;
				CLANG_WARN_INT_CONVERSION = YES;
				CLANG_WARN_OBJC_ROOT_CLASS = YES_ERROR;
				CLANG_WARN_UNREACHABLE_CODE = YES;
				CLANG_WARN__DUPLICATE_METHOD_MATCH = YES;
				"CODE_SIGN_IDENTITY[sdk=iphoneos*]" = "iPhone Developer";
				COPY_PHASE_STRIP = NO;
				DEBUG_INFORMATION_FORMAT = "dwarf-with-dsym";
				ENABLE_NS_ASSERTIONS = NO;
				ENABLE_STRICT_OBJC_MSGSEND = YES;
				GCC_C_LANGUAGE_STANDARD = gnu99;
				GCC_NO_COMMON_BLOCKS = YES;
				GCC_WARN_64_TO_32_BIT_CONVERSION = YES;
				GCC_WARN_ABOUT_RETURN_TYPE = YES_ERROR;
				GCC_WARN_UNDECLARED_SELECTOR = YES;
				GCC_WARN_UNINITIALIZED_AUTOS = YES_AGGRESSIVE;
				GCC_WARN_UNUSED_FUNCTION = YES;
				GCC_WARN_UNUSED_VARIABLE = YES;
				IPHONEOS_DEPLOYMENT_TARGET = 9.3;
				MTL_ENABLE_DEBUG_INFO = NO;
				SDKROOT = iphoneos;
				VALIDATE_PRODUCT = YES;
			};
			name = Release;
		};
		438660F21D6E57DF00D7F2CB /* Debug */ = {
			isa = XCBuildConfiguration;
			buildSettings = {
				ASSETCATALOG_COMPILER_APPICON_NAME = AppIcon;
				INFOPLIST_FILE = myGitHub/Info.plist;
				LD_RUNPATH_SEARCH_PATHS = "$(inherited) @executable_path/Frameworks";
				PRODUCT_BUNDLE_IDENTIFIER = org.bslonline.myGitHub;
				PRODUCT_NAME = "$(TARGET_NAME)";
			};
			name = Debug;
		};
		438660F31D6E57DF00D7F2CB /* Release */ = {
			isa = XCBuildConfiguration;
			buildSettings = {
				ASSETCATALOG_COMPILER_APPICON_NAME = AppIcon;
				INFOPLIST_FILE = myGitHub/Info.plist;
				LD_RUNPATH_SEARCH_PATHS = "$(inherited) @executable_path/Frameworks";
				PRODUCT_BUNDLE_IDENTIFIER = org.bslonline.myGitHub;
				PRODUCT_NAME = "$(TARGET_NAME)";
			};
			name = Release;
		};
/* End XCBuildConfiguration section */

/* Begin XCConfigurationList section */
		438660DA1D6E57DE00D7F2CB /* Build configuration list for PBXProject "myGitHub" */ = {
			isa = XCConfigurationList;
			buildConfigurations = (
				438660EF1D6E57DF00D7F2CB /* Debug */,
				438660F01D6E57DF00D7F2CB /* Release */,
			);
			defaultConfigurationIsVisible = 0;
			defaultConfigurationName = Release;
		};
		438660F11D6E57DF00D7F2CB /* Build configuration list for PBXNativeTarget "myGitHub" */ = {
			isa = XCConfigurationList;
			buildConfigurations = (
				438660F21D6E57DF00D7F2CB /* Debug */,
				438660F31D6E57DF00D7F2CB /* Release */,
			);
			defaultConfigurationIsVisible = 0;
		};
/* End XCConfigurationList section */
	};
	rootObject = 438660D71D6E57DE00D7F2CB /* Project object */;
}
